Microsoft Visual Studio Solution File, Format Version 12.00
# Visual Studio Version 17
VisualStudioVersion = 17.5.2.0
MinimumVisualStudioVersion = 10.0.40219.1
Project("{FAE04EC0-301F-11D3-BF4B-00C04F79EFBC}") = "prueba", "prueba\prueba.csproj", "{6E3124D3-D713-A4D5-1C95-175165E4E821}"
EndProject
Project("{2150E333-8FDC-42A3-9474-1A3956D46DE8}") = "Ejercicios1raS", "Ejercicios1raS", "{8FBA8EA8-9D5D-A362-0C1F-A526E432D994}"
EndProject
Project("{2150E333-8FDC-42A3-9474-1A3956D46DE8}") = "ProblemasSec1", "ProblemasSec1", "{C8FEB1EB-5982-D0C2-3D33-00B50D906295}"
EndProject
Project("{FAE04EC0-301F-11D3-BF4B-00C04F79EFBC}") = "ejemp1", "Ejercicios1raS\ProblemasSec1\ejemp1\ejemp1.csproj", "{FD4B7756-0E89-CCD3-D69E-9252CFBBB0EF}"
EndProject
Project("{2150E333-8FDC-42A3-9474-1A3956D46DE8}") = "ProblemasSec2", "ProblemasSec2", "{3ADF1DD6-99EF-E470-DEDA-0057692AE5B9}"
EndProject
Project("{FAE04EC0-301F-11D3-BF4B-00C04F79EFBC}") = "ejer1", "Ejercicios1raS\ProblemasSec2\ejer1\ejer1.csproj", "{15974091-3294-C7BC-5F79-437A6C13A8F1}"
EndProject
Project("{FAE04EC0-301F-11D3-BF4B-00C04F79EFBC}") = "ejer2", "Ejercicios1raS\ProblemasSec2\ejer2\ejer2.csproj", "{655FAC6D-8ACB-841A-9541-96B1E4FCCF09}"
EndProject
Project("{FAE04EC0-301F-11D3-BF4B-00C04F79EFBC}") = "ejer3", "Ejercicios1raS\ProblemasSec2\ejer3\ejer3.csproj", "{A7B5BDBF-CE45-2803-E9D9-13C979F59D61}"
EndProject
Project("{FAE04EC0-301F-11D3-BF4B-00C04F79EFBC}") = "ejer4", "Ejercicios1raS\ProblemasSec2\ejer4\ejer4.csproj", "{1F08C2C4-0FF8-664D-9858-2F84D37A1AB5}"
EndProject
Project("{FAE04EC0-301F-11D3-BF4B-00C04F79EFBC}") = "ejer5", "Ejercicios1raS\ProblemasSec2\ejer5\ejer5.csproj", "{3DD2FF26-5838-41B9-21BB-CA93855F4DBE}"
EndProject
Project("{2150E333-8FDC-42A3-9474-1A3956D46DE8}") = "ProblemasSec3", "ProblemasSec3", "{DA4515E1-C2CC-CE42-A1FA-F3FFCC268B8A}"
EndProject
Project("{FAE04EC0-301F-11D3-BF4B-00C04F79EFBC}") = "probl1", "Ejercicios1raS\ProblemasSec3\probl1\probl1.csproj", "{4DBD5025-DE51-5A46-FD6B-43FDB0FEA165}"
EndProject
Project("{FAE04EC0-301F-11D3-BF4B-00C04F79EFBC}") = "probl2", "Ejercicios1raS\ProblemasSec3\probl2\probl2.csproj", "{E56DD922-5BA0-2F9B-FAE7-8EB659895358}"
EndProject
Global
	GlobalSection(SolutionConfigurationPlatforms) = preSolution
		Debug|Any CPU = Debug|Any CPU
		Release|Any CPU = Release|Any CPU
	EndGlobalSection
	GlobalSection(ProjectConfigurationPlatforms) = postSolution
		{6E3124D3-D713-A4D5-1C95-175165E4E821}.Debug|Any CPU.ActiveCfg = Debug|Any CPU
		{6E3124D3-D713-A4D5-1C95-175165E4E821}.Debug|Any CPU.Build.0 = Debug|Any CPU
		{6E3124D3-D713-A4D5-1C95-175165E4E821}.Release|Any CPU.ActiveCfg = Release|Any CPU
		{6E3124D3-D713-A4D5-1C95-175165E4E821}.Release|Any CPU.Build.0 = Release|Any CPU
		{FD4B7756-0E89-CCD3-D69E-9252CFBBB0EF}.Debug|Any CPU.ActiveCfg = Debug|Any CPU
		{FD4B7756-0E89-CCD3-D69E-9252CFBBB0EF}.Debug|Any CPU.Build.0 = Debug|Any CPU
		{FD4B7756-0E89-CCD3-D69E-9252CFBBB0EF}.Release|Any CPU.ActiveCfg = Release|Any CPU
		{FD4B7756-0E89-CCD3-D69E-9252CFBBB0EF}.Release|Any CPU.Build.0 = Release|Any CPU
		{15974091-3294-C7BC-5F79-437A6C13A8F1}.Debug|Any CPU.ActiveCfg = Debug|Any CPU
		{15974091-3294-C7BC-5F79-437A6C13A8F1}.Debug|Any CPU.Build.0 = Debug|Any CPU
		{15974091-3294-C7BC-5F79-437A6C13A8F1}.Release|Any CPU.ActiveCfg = Release|Any CPU
		{15974091-3294-C7BC-5F79-437A6C13A8F1}.Release|Any CPU.Build.0 = Release|Any CPU
		{655FAC6D-8ACB-841A-9541-96B1E4FCCF09}.Debug|Any CPU.ActiveCfg = Debug|Any CPU
		{655FAC6D-8ACB-841A-9541-96B1E4FCCF09}.Debug|Any CPU.Build.0 = Debug|Any CPU
		{655FAC6D-8ACB-841A-9541-96B1E4FCCF09}.Release|Any CPU.ActiveCfg = Release|Any CPU
		{655FAC6D-8ACB-841A-9541-96B1E4FCCF09}.Release|Any CPU.Build.0 = Release|Any CPU
		{A7B5BDBF-CE45-2803-E9D9-13C979F59D61}.Debug|Any CPU.ActiveCfg = Debug|Any CPU
		{A7B5BDBF-CE45-2803-E9D9-13C979F59D61}.Debug|Any CPU.Build.0 = Debug|Any CPU
		{A7B5BDBF-CE45-2803-E9D9-13C979F59D61}.Release|Any CPU.ActiveCfg = Release|Any CPU
		{A7B5BDBF-CE45-2803-E9D9-13C979F59D61}.Release|Any CPU.Build.0 = Release|Any CPU
		{1F08C2C4-0FF8-664D-9858-2F84D37A1AB5}.Debug|Any CPU.ActiveCfg = Debug|Any CPU
		{1F08C2C4-0FF8-664D-9858-2F84D37A1AB5}.Debug|Any CPU.Build.0 = Debug|Any CPU
		{1F08C2C4-0FF8-664D-9858-2F84D37A1AB5}.Release|Any CPU.ActiveCfg = Release|Any CPU
		{1F08C2C4-0FF8-664D-9858-2F84D37A1AB5}.Release|Any CPU.Build.0 = Release|Any CPU
		{3DD2FF26-5838-41B9-21BB-CA93855F4DBE}.Debug|Any CPU.ActiveCfg = Debug|Any CPU
		{3DD2FF26-5838-41B9-21BB-CA93855F4DBE}.Debug|Any CPU.Build.0 = Debug|Any CPU
		{3DD2FF26-5838-41B9-21BB-CA93855F4DBE}.Release|Any CPU.ActiveCfg = Release|Any CPU
		{3DD2FF26-5838-41B9-21BB-CA93855F4DBE}.Release|Any CPU.Build.0 = Release|Any CPU
		{4DBD5025-DE51-5A46-FD6B-43FDB0FEA165}.Debug|Any CPU.ActiveCfg = Debug|Any CPU
		{4DBD5025-DE51-5A46-FD6B-43FDB0FEA165}.Debug|Any CPU.Build.0 = Debug|Any CPU
		{4DBD5025-DE51-5A46-FD6B-43FDB0FEA165}.Release|Any CPU.ActiveCfg = Release|Any CPU
		{4DBD5025-DE51-5A46-FD6B-43FDB0FEA165}.Release|Any CPU.Build.0 = Release|Any CPU
		{E56DD922-5BA0-2F9B-FAE7-8EB659895358}.Debug|Any CPU.ActiveCfg = Debug|Any CPU
		{E56DD922-5BA0-2F9B-FAE7-8EB659895358}.Debug|Any CPU.Build.0 = Debug|Any CPU
		{E56DD922-5BA0-2F9B-FAE7-8EB659895358}.Release|Any CPU.ActiveCfg = Release|Any CPU
		{E56DD922-5BA0-2F9B-FAE7-8EB659895358}.Release|Any CPU.Build.0 = Release|Any CPU
	EndGlobalSection
	GlobalSection(SolutionProperties) = preSolution
		HideSolutionNode = FALSE
	EndGlobalSection
	GlobalSection(NestedProjects) = preSolution
		{C8FEB1EB-5982-D0C2-3D33-00B50D906295} = {8FBA8EA8-9D5D-A362-0C1F-A526E432D994}
		{FD4B7756-0E89-CCD3-D69E-9252CFBBB0EF} = {C8FEB1EB-5982-D0C2-3D33-00B50D906295}
		{3ADF1DD6-99EF-E470-DEDA-0057692AE5B9} = {8FBA8EA8-9D5D-A362-0C1F-A526E432D994}
		{15974091-3294-C7BC-5F79-437A6C13A8F1} = {3ADF1DD6-99EF-E470-DEDA-0057692AE5B9}
		{655FAC6D-8ACB-841A-9541-96B1E4FCCF09} = {3ADF1DD6-99EF-E470-DEDA-0057692AE5B9}
		{A7B5BDBF-CE45-2803-E9D9-13C979F59D61} = {3ADF1DD6-99EF-E470-DEDA-0057692AE5B9}
		{1F08C2C4-0FF8-664D-9858-2F84D37A1AB5} = {3ADF1DD6-99EF-E470-DEDA-0057692AE5B9}
		{3DD2FF26-5838-41B9-21BB-CA93855F4DBE} = {3ADF1DD6-99EF-E470-DEDA-0057692AE5B9}
		{DA4515E1-C2CC-CE42-A1FA-F3FFCC268B8A} = {8FBA8EA8-9D5D-A362-0C1F-A526E432D994}
		{4DBD5025-DE51-5A46-FD6B-43FDB0FEA165} = {DA4515E1-C2CC-CE42-A1FA-F3FFCC268B8A}
		{E56DD922-5BA0-2F9B-FAE7-8EB659895358} = {DA4515E1-C2CC-CE42-A1FA-F3FFCC268B8A}
	EndGlobalSection
	GlobalSection(ExtensibilityGlobals) = postSolution
		SolutionGuid = {C01D6BB8-6E08-46C5-B497-4CA46646FDF5}
	EndGlobalSection
EndGlobal
